
Microsoft Visual Studio Solution File, Format Version 12.00
# Visual Studio 15
VisualStudioVersion = 15.0.28307.852
MinimumVisualStudioVersion = 10.0.40219.1
Project("{FAE04EC0-301F-11D3-BF4B-00C04F79EFBC}") = "AIT_LABO_002.WPF", "AIT_LABO_002.WPF\AIT_LABO_002.WPF.csproj", "{77FDD3F1-C46E-4DF8-966B-1BA8000CB588}"
EndProject
Project("{FAE04EC0-301F-11D3-BF4B-00C04F79EFBC}") = "AIT_LABO_002.LIB", "AIT_LABO_002.LIB\AIT_LABO_002.LIB.csproj", "{D65B849E-FC04-46EC-883E-3227C80E946E}"
EndProject
Global
	GlobalSection(SolutionConfigurationPlatforms) = preSolution
		Debug|Any CPU = Debug|Any CPU
		Release|Any CPU = Release|Any CPU
	EndGlobalSection
	GlobalSection(ProjectConfigurationPlatforms) = postSolution
		{77FDD3F1-C46E-4DF8-966B-1BA8000CB588}.Debug|Any CPU.ActiveCfg = Debug|Any CPU
		{77FDD3F1-C46E-4DF8-966B-1BA8000CB588}.Debug|Any CPU.Build.0 = Debug|Any CPU
		{77FDD3F1-C46E-4DF8-966B-1BA8000CB588}.Release|Any CPU.ActiveCfg = Release|Any CPU
		{77FDD3F1-C46E-4DF8-966B-1BA8000CB588}.Release|Any CPU.Build.0 = Release|Any CPU
		{D65B849E-FC04-46EC-883E-3227C80E946E}.Debug|Any CPU.ActiveCfg = Debug|Any CPU
		{D65B849E-FC04-46EC-883E-3227C80E946E}.Debug|Any CPU.Build.0 = Debug|Any CPU
		{D65B849E-FC04-46EC-883E-3227C80E946E}.Release|Any CPU.ActiveCfg = Release|Any CPU
		{D65B849E-FC04-46EC-883E-3227C80E946E}.Release|Any CPU.Build.0 = Release|Any CPU
	EndGlobalSection
	GlobalSection(SolutionProperties) = preSolution
		HideSolutionNode = FALSE
	EndGlobalSection
	GlobalSection(ExtensibilityGlobals) = postSolution
		SolutionGuid = {D62F3448-12F8-4E73-9925-421A8616CD04}
	EndGlobalSection
EndGlobal
